lockfileVersion: '9.0'

settings:
  autoInstallPeers: true
  excludeLinksFromLockfile: false

overrides:
  critters: npm:beasties@^0.2.0
  '@shikijs/types': npm:@shikijs/types@^3.1.0

importers:

  .:
    dependencies:
      '@astrojs/react':
        specifier: ^4.4.2
        version: 4.4.2(@types/node@24.0.14)(@types/react-dom@19.2.3(@types/react@19.2.10))(@types/react@19.2.10)(jiti@2.4.2)(lightningcss@1.29.3)(react-dom@19.2.4(react@19.2.4))(react@19.2.4)(terser@5.39.0)(typescript@5.9.3)(yaml@2.8.2)
      '@astrojs/rss':
        specifier: 4.0.11
        version: 4.0.11
      '@astrolib/seo':
        specifier: 1.0.0-beta.8
        version: 1.0.0-beta.8(astro@5.17.1(@types/node@24.0.14)(jiti@2.4.2)(lightningcss@1.29.3)(rollup@4.57.1)(terser@5.39.0)(typescript@5.9.3)(yaml@2.8.2))
      '@mdx-js/react':
        specifier: ^3.1.1
        version: 3.1.1(@types/react@19.2.10)(react@19.2.4)
      '@shikijs/types':
        specifier: npm:@shikijs/types@^3.1.0
        version: 3.22.0
      '@types/grecaptcha':
        specifier: ^3.0.9
        version: 3.0.9
      '@types/markdown-it':
        specifier: ^14.1.2
        version: 14.1.2
      '@types/mdast':
        specifier: ^4.0.4
        version: 4.0.4
      '@types/react':
        specifier: ^19.2.10
        version: 19.2.10
      '@types/react-dom':
        specifier: ^19.2.3
        version: 19.2.3(@types/react@19.2.10)
      '@types/sanitize-html':
        specifier: ^2.16.0
        version: 2.16.0
      astro:
        specifier: ^5.17.1
        version: 5.17.1(@types/node@24.0.14)(jiti@2.4.2)(lightningcss@1.29.3)(rollup@4.57.1)(terser@5.39.0)(typescript@5.9.3)(yaml@2.8.2)
      astro-embed:
        specifier: ^0.9.2
        version: 0.9.2(astro@5.17.1(@types/node@24.0.14)(jiti@2.4.2)(lightningcss@1.29.3)(rollup@4.57.1)(terser@5.39.0)(typescript@5.9.3)(yaml@2.8.2))
      astro-eslint-parser:
        specifier: 1.2.1
        version: 1.2.1
      astro-font:
        specifier: ^1.1.0
        version: 1.1.0
      beasties:
        specifier: 0.2.0
        version: 0.2.0
      blog-template:
        specifier: 'link:'
        version: 'link:'
      eslint-mdx:
        specifier: ^3.6.2
        version: 3.6.2(eslint@9.39.2(jiti@2.4.2))
      react:
        specifier: ^19.2.4
        version: 19.2.4
      react-compiler-runtime:
        specifier: 19.0.0-beta-63e3235-20250105
        version: 19.0.0-beta-63e3235-20250105(react@19.2.4)
      react-dom:
        specifier: ^19.2.4
        version: 19.2.4(react@19.2.4)
      react-hook-form:
        specifier: ^7.71.1
        version: 7.71.1(react@19.2.4)
      rehype-external-links:
        specifier: ^3.0.0
        version: 3.0.0
      sanitize-html:
        specifier: ^2.17.0
        version: 2.17.0
      unist-util-visit:
        specifier: ^5.1.0
        version: 5.1.0
      unpic:
        specifier: ^4.2.2
        version: 4.2.2
    devDependencies:
      '@astrojs/mdx':
        specifier: 4.0.8
        version: 4.0.8(astro@5.17.1(@types/node@24.0.14)(jiti@2.4.2)(lightningcss@1.29.3)(rollup@4.57.1)(terser@5.39.0)(typescript@5.9.3)(yaml@2.8.2))
      '@astrojs/sitemap':
        specifier: 3.2.1
        version: 3.2.1
      '@astrojs/tailwind':
        specifier: 5.1.4
        version: 5.1.4(astro@5.17.1(@types/node@24.0.14)(jiti@2.4.2)(lightningcss@1.29.3)(rollup@4.57.1)(terser@5.39.0)(typescript@5.9.3)(yaml@2.8.2))(tailwindcss@3.4.17(ts-node@10.9.2(@types/node@24.0.14)(typescript@5.9.3)))
      '@eslint/config-array':
        specifier: ^0.19.2
        version: 0.19.2
      '@eslint/js':
        specifier: ^9.39.2
        version: 9.39.2
      '@eslint/markdown':
        specifier: ^7.5.1
        version: 7.5.1
      '@eslint/object-schema':
        specifier: ^2.1.7
        version: 2.1.7
      '@pagefind/default-ui':
        specifier: ^1.4.0
        version: 1.4.0
      '@playform/compress':
        specifier: ^0.1.9
        version: 0.1.9(@types/node@24.0.14)(jiti@2.4.2)(rollup@4.57.1)(typescript@5.9.3)(yaml@2.8.2)
      '@playform/inline':
        specifier: ^0.1.2
        version: 0.1.2(@types/node@24.0.14)(jiti@2.4.2)(lightningcss@1.29.3)(rollup@4.57.1)(terser@5.39.0)(typescript@5.9.3)(yaml@2.8.2)
      '@shikijs/transformers':
        specifier: ^3.22.0
        version: 3.22.0
      '@tailwindcss/typography':
        specifier: 0.5.16
        version: 0.5.16(tailwindcss@3.4.17(ts-node@10.9.2(@types/node@24.0.14)(typescript@5.9.3)))
      '@types/eslint__js':
        specifier: ^8.42.3
        version: 8.42.3
      '@typescript-eslint/parser':
        specifier: ^8.54.0
        version: 8.54.0(eslint@9.39.2(jiti@2.4.2))(typescript@5.9.3)
      '@vitest/ui':
        specifier: ^3.2.4
        version: 3.2.4(vitest@3.2.4)
      astro-breadcrumbs:
        specifier: ^3.3.3
        version: 3.3.3(astro@5.17.1(@types/node@24.0.14)(jiti@2.4.2)(lightningcss@1.29.3)(rollup@4.57.1)(terser@5.39.0)(typescript@5.9.3)(yaml@2.8.2))
      astro-purgecss:
        specifier: ^5.3.0
        version: 5.3.0(astro@5.17.1(@types/node@24.0.14)(jiti@2.4.2)(lightningcss@1.29.3)(rollup@4.57.1)(terser@5.39.0)(typescript@5.9.3)(yaml@2.8.2))(purgecss@7.0.2)
      autoprefixer:
        specifier: ^10.4.24
        version: 10.4.24(postcss@8.5.6)
      clsx:
        specifier: 2.1.1
        version: 2.1.1
      cssnano:
        specifier: ^7.1.2
        version: 7.1.2(postcss@8.5.6)
      eslint:
        specifier: ^9.39.2
        version: 9.39.2(jiti@2.4.2)
      eslint-plugin-astro:
        specifier: ^1.5.0
        version: 1.5.0(eslint@9.39.2(jiti@2.4.2))
      eslint-plugin-jsx-a11y:
        specifier: ^6.10.2
        version: 6.10.2(eslint@9.39.2(jiti@2.4.2))
      eslint-plugin-tailwindcss:
        specifier: ^3.18.2
        version: 3.18.2(tailwindcss@3.4.17(ts-node@10.9.2(@types/node@24.0.14)(typescript@5.9.3)))
      husky:
        specifier: ^9.1.7
        version: 9.1.7
      lint-staged:
        specifier: ^15.5.2
        version: 15.5.2
      markdown-it:
        specifier: ^14.1.0
        version: 14.1.0
      mdast-util-to-string:
        specifier: ^4.0.0
        version: 4.0.0
      motion:
        specifier: ^12.29.2
        version: 12.29.2(react-dom@19.2.4(react@19.2.4))(react@19.2.4)
      pagefind:
        specifier: ^1.4.0
        version: 1.4.0
      postcss:
        specifier: ^8.5.6
        version: 8.5.6
      prettier:
        specifier: ^3.8.1
        version: 3.8.1
      prettier-config-standard:
        specifier: ^7.0.0
        version: 7.0.0(prettier@3.8.1)
      prettier-plugin-astro:
        specifier: ^0.14.1
        version: 0.14.1
      purgecss:
        specifier: ^7.0.2
        version: 7.0.2
      reading-time:
        specifier: ^1.5.0
        version: 1.5.0
      rehype-autolink-headings:
        specifier: ^7.1.0
        version: 7.1.0
      shiki:
        specifier: ^3.22.0
        version: 3.22.0
      slugify:
        specifier: ^1.6.6
        version: 1.6.6
      tailwind-merge:
        specifier: ^2.6.1
        version: 2.6.1
      tailwindcss:
        specifier: 3.4.17
        version: 3.4.17(ts-node@10.9.2(@types/node@24.0.14)(typescript@5.9.3))
      ts-node:
        specifier: ^10.9.2
        version: 10.9.2(@types/node@24.0.14)(typescript@5.9.3)
      typescript:
        specifier: ^5.9.3
        version: 5.9.3
      typescript-eslint:
        specifier: ^8.54.0
        version: 8.54.0(eslint@9.39.2(jiti@2.4.2))(typescript@5.9.3)
      vitest:
        specifier: ^3.2.4
        version: 3.2.4(@types/debug@4.1.12)(@types/node@24.0.14)(@vitest/ui@3.2.4)(jiti@2.4.2)(lightningcss@1.29.3)(terser@5.39.0)(yaml@2.8.2)

packages: []
